
Microsoft Visual Studio Solution File, Format Version 12.00
# Visual Studio Version 17
VisualStudioVersion = 17.9.34728.123
MinimumVisualStudioVersion = 10.0.40219.1
Project("{FAE04EC0-301F-11D3-BF4B-00C04F79EFBC}") = "ninel", "ninel\ninel.csproj", "{3C577CAA-9D02-4351-BB62-61EBCCBA4533}"
EndProject
Global
	GlobalSection(SolutionConfigurationPlatforms) = preSolution
		Debug|Any CPU = Debug|Any CPU
		Release|Any CPU = Release|Any CPU
	EndGlobalSection
	GlobalSection(ProjectConfigurationPlatforms) = postSolution
		{3C577CAA-9D02-4351-BB62-61EBCCBA4533}.Debug|Any CPU.ActiveCfg = Debug|Any CPU
		{3C577CAA-9D02-4351-BB62-61EBCCBA4533}.Debug|Any CPU.Build.0 = Debug|Any CPU
		{3C577CAA-9D02-4351-BB62-61EBCCBA4533}.Release|Any CPU.ActiveCfg = Release|Any CPU
		{3C577CAA-9D02-4351-BB62-61EBCCBA4533}.Release|Any CPU.Build.0 = Release|Any CPU
	EndGlobalSection
	GlobalSection(SolutionProperties) = preSolution
		HideSolutionNode = FALSE
	EndGlobalSection
	GlobalSection(ExtensibilityGlobals) = postSolution
		SolutionGuid = {DF05CEC8-BE29-488E-ADB2-1C30F2773AE6}
	EndGlobalSection
EndGlobal
